
Microsoft Visual Studio Solution File, Format Version 12.00
# Visual Studio Version 17
VisualStudioVersion = 17.3.32929.385
MinimumVisualStudioVersion = 10.0.40219.1
Project("{FAE04EC0-301F-11D3-BF4B-00C04F79EFBC}") = "Vtitbid.ISP20.Belousov.Zadanie", "Vtitbid.ISP20.Belousov.Zadanie\Vtitbid.ISP20.Belousov.Zadanie.csproj", "{76A73228-BCE7-4574-BD31-5EF2E454F6DB}"
EndProject
Global
	GlobalSection(SolutionConfigurationPlatforms) = preSolution
		Debug|Any CPU = Debug|Any CPU
		Release|Any CPU = Release|Any CPU
	EndGlobalSection
	GlobalSection(ProjectConfigurationPlatforms) = postSolution
		{76A73228-BCE7-4574-BD31-5EF2E454F6DB}.Debug|Any CPU.ActiveCfg = Debug|Any CPU
		{76A73228-BCE7-4574-BD31-5EF2E454F6DB}.Debug|Any CPU.Build.0 = Debug|Any CPU
		{76A73228-BCE7-4574-BD31-5EF2E454F6DB}.Release|Any CPU.ActiveCfg = Release|Any CPU
		{76A73228-BCE7-4574-BD31-5EF2E454F6DB}.Release|Any CPU.Build.0 = Release|Any CPU
	EndGlobalSection
	GlobalSection(SolutionProperties) = preSolution
		HideSolutionNode = FALSE
	EndGlobalSection
	GlobalSection(ExtensibilityGlobals) = postSolution
		SolutionGuid = {4386BC73-CC92-49E4-AC4D-9533008A5056}
	EndGlobalSection
EndGlobal
